
Microsoft Visual Studio Solution File, Format Version 12.00
# Visual Studio 15
VisualStudioVersion = 15.0.28010.2048
MinimumVisualStudioVersion = 10.0.40219.1
Project("{9A19103F-16F7-4668-BE54-9A1E7A4F7556}") = "EventBus", "EventBus\EventBus.csproj", "{162626BE-B18D-43DE-9E33-BF0C35422FF5}"
EndProject
Project("{9A19103F-16F7-4668-BE54-9A1E7A4F7556}") = "ModuleCommon", "ModuleCommon\ModuleCommon.csproj", "{1226E207-7B10-4EE7-83C5-4EA690849551}"
EndProject
Project("{9A19103F-16F7-4668-BE54-9A1E7A4F7556}") = "Middleware", "Middleware\Middleware.csproj", "{65E897E0-3025-43A7-BDF7-2E57340D5EA5}"
EndProject
Project("{9A19103F-16F7-4668-BE54-9A1E7A4F7556}") = "Redis", "Redis\Redis.csproj", "{DE5FDA85-34EC-4EAD-9EDC-E35F5DA4C488}"
EndProject
Project("{9A19103F-16F7-4668-BE54-9A1E7A4F7556}") = "WebApplication", "WebApplication1\WebApplication.csproj", "{E2BCF6A3-2908-4B90-A6FA-093E4A262044}"
EndProject
Project("{9A19103F-16F7-4668-BE54-9A1E7A4F7556}") = "ConsoleApplication", "ConsoleApplication\ConsoleApplication.csproj", "{5028BA0F-F8E6-4F3B-A844-CB0C5D759E86}"
EndProject
Project("{9A19103F-16F7-4668-BE54-9A1E7A4F7556}") = "CacheAdapter", "CacheAdapter\CacheAdapter.csproj", "{ACC9501E-C954-42EC-9F34-0B7DCEACF635}"
EndProject
Project("{9A19103F-16F7-4668-BE54-9A1E7A4F7556}") = "XUnitTestProject", "XUnitTestProject\XUnitTestProject.csproj", "{32DEC7F1-4F11-4B2A-9A74-D3173A558F70}"
EndProject
Project("{9A19103F-16F7-4668-BE54-9A1E7A4F7556}") = "UnitTestProject", "UnitTestProject\UnitTestProject.csproj", "{91FDFA26-6593-43F5-B6DA-1AB9D80B6B3B}"
EndProject
Project("{9A19103F-16F7-4668-BE54-9A1E7A4F7556}") = "Memcached", "Memcached\Memcached.csproj", "{BFB8A659-ABD3-4A37-8389-AAC48B22C243}"
EndProject
Project("{FAE04EC0-301F-11D3-BF4B-00C04F79EFBC}") = "WindowsFormsApp", "WindowsFormsApp\WindowsFormsApp.csproj", "{F1CDEE9E-228E-4229-828F-D3A0137F8118}"
EndProject
Project("{2150E333-8FDC-42A3-9474-1A3956D46DE8}") = "4.6.1", "4.6.1", "{28F3CDC4-E406-4DC1-AFCB-44463F4B9499}"
EndProject
Project("{FAE04EC0-301F-11D3-BF4B-00C04F79EFBC}") = "ConsoleApp", "ConsoleApp\ConsoleApp.csproj", "{EB7A0FFA-8DC7-4A7D-87D5-C421A971D886}"
EndProject
Project("{9A19103F-16F7-4668-BE54-9A1E7A4F7556}") = "RabbitMq", "RabbitMq\RabbitMq.csproj", "{D2C912C0-9589-4549-B9C3-7551B3D61798}"
EndProject
Project("{9A19103F-16F7-4668-BE54-9A1E7A4F7556}") = "RabbitmqConsole", "RabbitmqConsole\RabbitmqConsole.csproj", "{41F3D01B-BCF4-4FAC-9C5C-913AA0EE1C1A}"
EndProject
Project("{9A19103F-16F7-4668-BE54-9A1E7A4F7556}") = "Jiesen.Message", "Jiesen.Message\Jiesen.Message.csproj", "{FBC39780-40DA-4C61-BF6A-3627459DA137}"
EndProject
Project("{9A19103F-16F7-4668-BE54-9A1E7A4F7556}") = "MongoDBConsole", "MongoDBConsole\MongoDBConsole.csproj", "{039F5935-8E8D-4381-BD37-995554F6C743}"
EndProject
Project("{9A19103F-16F7-4668-BE54-9A1E7A4F7556}") = "Jiesen.Dapper", "Jiesen.Dapper\Jiesen.Dapper.csproj", "{A6E2AC50-442E-4B3B-B0AA-5439D4079E6D}"
EndProject
Project("{9A19103F-16F7-4668-BE54-9A1E7A4F7556}") = "ClassLibrary1", "ClassLibrary1\ClassLibrary1.csproj", "{98D022A2-1ED3-41DF-BD9F-0E5021E2B372}"
EndProject
Global
	GlobalSection(SolutionConfigurationPlatforms) = preSolution
		Debug|Any CPU = Debug|Any CPU
		Debug|x86 = Debug|x86
		Release|Any CPU = Release|Any CPU
		Release|x86 = Release|x86
	EndGlobalSection
	GlobalSection(ProjectConfigurationPlatforms) = postSolution
		{162626BE-B18D-43DE-9E33-BF0C35422FF5}.Debug|Any CPU.ActiveCfg = Debug|Any CPU
		{162626BE-B18D-43DE-9E33-BF0C35422FF5}.Debug|Any CPU.Build.0 = Debug|Any CPU
		{162626BE-B18D-43DE-9E33-BF0C35422FF5}.Debug|x86.ActiveCfg = Debug|Any CPU
		{162626BE-B18D-43DE-9E33-BF0C35422FF5}.Debug|x86.Build.0 = Debug|Any CPU
		{162626BE-B18D-43DE-9E33-BF0C35422FF5}.Release|Any CPU.ActiveCfg = Release|Any CPU
		{162626BE-B18D-43DE-9E33-BF0C35422FF5}.Release|Any CPU.Build.0 = Release|Any CPU
		{162626BE-B18D-43DE-9E33-BF0C35422FF5}.Release|x86.ActiveCfg = Release|Any CPU
		{162626BE-B18D-43DE-9E33-BF0C35422FF5}.Release|x86.Build.0 = Release|Any CPU
		{1226E207-7B10-4EE7-83C5-4EA690849551}.Debug|Any CPU.ActiveCfg = Debug|Any CPU
		{1226E207-7B10-4EE7-83C5-4EA690849551}.Debug|Any CPU.Build.0 = Debug|Any CPU
		{1226E207-7B10-4EE7-83C5-4EA690849551}.Debug|x86.ActiveCfg = Debug|Any CPU
		{1226E207-7B10-4EE7-83C5-4EA690849551}.Debug|x86.Build.0 = Debug|Any CPU
		{1226E207-7B10-4EE7-83C5-4EA690849551}.Release|Any CPU.ActiveCfg = Release|Any CPU
		{1226E207-7B10-4EE7-83C5-4EA690849551}.Release|Any CPU.Build.0 = Release|Any CPU
		{1226E207-7B10-4EE7-83C5-4EA690849551}.Release|x86.ActiveCfg = Release|Any CPU
		{1226E207-7B10-4EE7-83C5-4EA690849551}.Release|x86.Build.0 = Release|Any CPU
		{65E897E0-3025-43A7-BDF7-2E57340D5EA5}.Debug|Any CPU.ActiveCfg = Debug|Any CPU
		{65E897E0-3025-43A7-BDF7-2E57340D5EA5}.Debug|Any CPU.Build.0 = Debug|Any CPU
		{65E897E0-3025-43A7-BDF7-2E57340D5EA5}.Debug|x86.ActiveCfg = Debug|Any CPU
		{65E897E0-3025-43A7-BDF7-2E57340D5EA5}.Debug|x86.Build.0 = Debug|Any CPU
		{65E897E0-3025-43A7-BDF7-2E57340D5EA5}.Release|Any CPU.ActiveCfg = Release|Any CPU
		{65E897E0-3025-43A7-BDF7-2E57340D5EA5}.Release|Any CPU.Build.0 = Release|Any CPU
		{65E897E0-3025-43A7-BDF7-2E57340D5EA5}.Release|x86.ActiveCfg = Release|Any CPU
		{65E897E0-3025-43A7-BDF7-2E57340D5EA5}.Release|x86.Build.0 = Release|Any CPU
		{DE5FDA85-34EC-4EAD-9EDC-E35F5DA4C488}.Debug|Any CPU.ActiveCfg = Debug|Any CPU
		{DE5FDA85-34EC-4EAD-9EDC-E35F5DA4C488}.Debug|Any CPU.Build.0 = Debug|Any CPU
		{DE5FDA85-34EC-4EAD-9EDC-E35F5DA4C488}.Debug|x86.ActiveCfg = Debug|Any CPU
		{DE5FDA85-34EC-4EAD-9EDC-E35F5DA4C488}.Debug|x86.Build.0 = Debug|Any CPU
		{DE5FDA85-34EC-4EAD-9EDC-E35F5DA4C488}.Release|Any CPU.ActiveCfg = Release|Any CPU
		{DE5FDA85-34EC-4EAD-9EDC-E35F5DA4C488}.Release|Any CPU.Build.0 = Release|Any CPU
		{DE5FDA85-34EC-4EAD-9EDC-E35F5DA4C488}.Release|x86.ActiveCfg = Release|Any CPU
		{DE5FDA85-34EC-4EAD-9EDC-E35F5DA4C488}.Release|x86.Build.0 = Release|Any CPU
		{E2BCF6A3-2908-4B90-A6FA-093E4A262044}.Debug|Any CPU.ActiveCfg = Debug|Any CPU
		{E2BCF6A3-2908-4B90-A6FA-093E4A262044}.Debug|Any CPU.Build.0 = Debug|Any CPU
		{E2BCF6A3-2908-4B90-A6FA-093E4A262044}.Debug|x86.ActiveCfg = Debug|Any CPU
		{E2BCF6A3-2908-4B90-A6FA-093E4A262044}.Debug|x86.Build.0 = Debug|Any CPU
		{E2BCF6A3-2908-4B90-A6FA-093E4A262044}.Release|Any CPU.ActiveCfg = Release|Any CPU
		{E2BCF6A3-2908-4B90-A6FA-093E4A262044}.Release|Any CPU.Build.0 = Release|Any CPU
		{E2BCF6A3-2908-4B90-A6FA-093E4A262044}.Release|x86.ActiveCfg = Release|Any CPU
		{E2BCF6A3-2908-4B90-A6FA-093E4A262044}.Release|x86.Build.0 = Release|Any CPU
		{5028BA0F-F8E6-4F3B-A844-CB0C5D759E86}.Debug|Any CPU.ActiveCfg = Debug|Any CPU
		{5028BA0F-F8E6-4F3B-A844-CB0C5D759E86}.Debug|Any CPU.Build.0 = Debug|Any CPU
		{5028BA0F-F8E6-4F3B-A844-CB0C5D759E86}.Debug|x86.ActiveCfg = Debug|Any CPU
		{5028BA0F-F8E6-4F3B-A844-CB0C5D759E86}.Debug|x86.Build.0 = Debug|Any CPU
		{5028BA0F-F8E6-4F3B-A844-CB0C5D759E86}.Release|Any CPU.ActiveCfg = Release|Any CPU
		{5028BA0F-F8E6-4F3B-A844-CB0C5D759E86}.Release|Any CPU.Build.0 = Release|Any CPU
		{5028BA0F-F8E6-4F3B-A844-CB0C5D759E86}.Release|x86.ActiveCfg = Release|Any CPU
		{5028BA0F-F8E6-4F3B-A844-CB0C5D759E86}.Release|x86.Build.0 = Release|Any CPU
		{ACC9501E-C954-42EC-9F34-0B7DCEACF635}.Debug|Any CPU.ActiveCfg = Debug|Any CPU
		{ACC9501E-C954-42EC-9F34-0B7DCEACF635}.Debug|Any CPU.Build.0 = Debug|Any CPU
		{ACC9501E-C954-42EC-9F34-0B7DCEACF635}.Debug|x86.ActiveCfg = Debug|Any CPU
		{ACC9501E-C954-42EC-9F34-0B7DCEACF635}.Debug|x86.Build.0 = Debug|Any CPU
		{ACC9501E-C954-42EC-9F34-0B7DCEACF635}.Release|Any CPU.ActiveCfg = Release|Any CPU
		{ACC9501E-C954-42EC-9F34-0B7DCEACF635}.Release|Any CPU.Build.0 = Release|Any CPU
		{ACC9501E-C954-42EC-9F34-0B7DCEACF635}.Release|x86.ActiveCfg = Release|Any CPU
		{ACC9501E-C954-42EC-9F34-0B7DCEACF635}.Release|x86.Build.0 = Release|Any CPU
		{32DEC7F1-4F11-4B2A-9A74-D3173A558F70}.Debug|Any CPU.ActiveCfg = Debug|Any CPU
		{32DEC7F1-4F11-4B2A-9A74-D3173A558F70}.Debug|Any CPU.Build.0 = Debug|Any CPU
		{32DEC7F1-4F11-4B2A-9A74-D3173A558F70}.Debug|x86.ActiveCfg = Debug|Any CPU
		{32DEC7F1-4F11-4B2A-9A74-D3173A558F70}.Debug|x86.Build.0 = Debug|Any CPU
		{32DEC7F1-4F11-4B2A-9A74-D3173A558F70}.Release|Any CPU.ActiveCfg = Release|Any CPU
		{32DEC7F1-4F11-4B2A-9A74-D3173A558F70}.Release|Any CPU.Build.0 = Release|Any CPU
		{32DEC7F1-4F11-4B2A-9A74-D3173A558F70}.Release|x86.ActiveCfg = Release|Any CPU
		{32DEC7F1-4F11-4B2A-9A74-D3173A558F70}.Release|x86.Build.0 = Release|Any CPU
		{91FDFA26-6593-43F5-B6DA-1AB9D80B6B3B}.Debug|Any CPU.ActiveCfg = Debug|Any CPU
		{91FDFA26-6593-43F5-B6DA-1AB9D80B6B3B}.Debug|Any CPU.Build.0 = Debug|Any CPU
		{91FDFA26-6593-43F5-B6DA-1AB9D80B6B3B}.Debug|x86.ActiveCfg = Debug|Any CPU
		{91FDFA26-6593-43F5-B6DA-1AB9D80B6B3B}.Debug|x86.Build.0 = Debug|Any CPU
		{91FDFA26-6593-43F5-B6DA-1AB9D80B6B3B}.Release|Any CPU.ActiveCfg = Release|Any CPU
		{91FDFA26-6593-43F5-B6DA-1AB9D80B6B3B}.Release|Any CPU.Build.0 = Release|Any CPU
		{91FDFA26-6593-43F5-B6DA-1AB9D80B6B3B}.Release|x86.ActiveCfg = Release|Any CPU
		{91FDFA26-6593-43F5-B6DA-1AB9D80B6B3B}.Release|x86.Build.0 = Release|Any CPU
		{BFB8A659-ABD3-4A37-8389-AAC48B22C243}.Debug|Any CPU.ActiveCfg = Debug|Any CPU
		{BFB8A659-ABD3-4A37-8389-AAC48B22C243}.Debug|Any CPU.Build.0 = Debug|Any CPU
		{BFB8A659-ABD3-4A37-8389-AAC48B22C243}.Debug|x86.ActiveCfg = Debug|Any CPU
		{BFB8A659-ABD3-4A37-8389-AAC48B22C243}.Debug|x86.Build.0 = Debug|Any CPU
		{BFB8A659-ABD3-4A37-8389-AAC48B22C243}.Release|Any CPU.ActiveCfg = Release|Any CPU
		{BFB8A659-ABD3-4A37-8389-AAC48B22C243}.Release|Any CPU.Build.0 = Release|Any CPU
		{BFB8A659-ABD3-4A37-8389-AAC48B22C243}.Release|x86.ActiveCfg = Release|Any CPU
		{BFB8A659-ABD3-4A37-8389-AAC48B22C243}.Release|x86.Build.0 = Release|Any CPU
		{F1CDEE9E-228E-4229-828F-D3A0137F8118}.Debug|Any CPU.ActiveCfg = Debug|Any CPU
		{F1CDEE9E-228E-4229-828F-D3A0137F8118}.Debug|Any CPU.Build.0 = Debug|Any CPU
		{F1CDEE9E-228E-4229-828F-D3A0137F8118}.Debug|x86.ActiveCfg = Debug|Any CPU
		{F1CDEE9E-228E-4229-828F-D3A0137F8118}.Debug|x86.Build.0 = Debug|Any CPU
		{F1CDEE9E-228E-4229-828F-D3A0137F8118}.Release|Any CPU.ActiveCfg = Release|Any CPU
		{F1CDEE9E-228E-4229-828F-D3A0137F8118}.Release|Any CPU.Build.0 = Release|Any CPU
		{F1CDEE9E-228E-4229-828F-D3A0137F8118}.Release|x86.ActiveCfg = Release|Any CPU
		{F1CDEE9E-228E-4229-828F-D3A0137F8118}.Release|x86.Build.0 = Release|Any CPU
		{EB7A0FFA-8DC7-4A7D-87D5-C421A971D886}.Debug|Any CPU.ActiveCfg = Debug|Any CPU
		{EB7A0FFA-8DC7-4A7D-87D5-C421A971D886}.Debug|Any CPU.Build.0 = Debug|Any CPU
		{EB7A0FFA-8DC7-4A7D-87D5-C421A971D886}.Debug|x86.ActiveCfg = Debug|Any CPU
		{EB7A0FFA-8DC7-4A7D-87D5-C421A971D886}.Debug|x86.Build.0 = Debug|Any CPU
		{EB7A0FFA-8DC7-4A7D-87D5-C421A971D886}.Release|Any CPU.ActiveCfg = Release|Any CPU
		{EB7A0FFA-8DC7-4A7D-87D5-C421A971D886}.Release|Any CPU.Build.0 = Release|Any CPU
		{EB7A0FFA-8DC7-4A7D-87D5-C421A971D886}.Release|x86.ActiveCfg = Release|Any CPU
		{EB7A0FFA-8DC7-4A7D-87D5-C421A971D886}.Release|x86.Build.0 = Release|Any CPU
		{D2C912C0-9589-4549-B9C3-7551B3D61798}.Debug|Any CPU.ActiveCfg = Debug|Any CPU
		{D2C912C0-9589-4549-B9C3-7551B3D61798}.Debug|Any CPU.Build.0 = Debug|Any CPU
		{D2C912C0-9589-4549-B9C3-7551B3D61798}.Debug|x86.ActiveCfg = Debug|Any CPU
		{D2C912C0-9589-4549-B9C3-7551B3D61798}.Debug|x86.Build.0 = Debug|Any CPU
		{D2C912C0-9589-4549-B9C3-7551B3D61798}.Release|Any CPU.ActiveCfg = Release|Any CPU
		{D2C912C0-9589-4549-B9C3-7551B3D61798}.Release|Any CPU.Build.0 = Release|Any CPU
		{D2C912C0-9589-4549-B9C3-7551B3D61798}.Release|x86.ActiveCfg = Release|Any CPU
		{D2C912C0-9589-4549-B9C3-7551B3D61798}.Release|x86.Build.0 = Release|Any CPU
		{41F3D01B-BCF4-4FAC-9C5C-913AA0EE1C1A}.Debug|Any CPU.ActiveCfg = Debug|Any CPU
		{41F3D01B-BCF4-4FAC-9C5C-913AA0EE1C1A}.Debug|Any CPU.Build.0 = Debug|Any CPU
		{41F3D01B-BCF4-4FAC-9C5C-913AA0EE1C1A}.Debug|x86.ActiveCfg = Debug|Any CPU
		{41F3D01B-BCF4-4FAC-9C5C-913AA0EE1C1A}.Debug|x86.Build.0 = Debug|Any CPU
		{41F3D01B-BCF4-4FAC-9C5C-913AA0EE1C1A}.Release|Any CPU.ActiveCfg = Release|Any CPU
		{41F3D01B-BCF4-4FAC-9C5C-913AA0EE1C1A}.Release|Any CPU.Build.0 = Release|Any CPU
		{41F3D01B-BCF4-4FAC-9C5C-913AA0EE1C1A}.Release|x86.ActiveCfg = Release|Any CPU
		{41F3D01B-BCF4-4FAC-9C5C-913AA0EE1C1A}.Release|x86.Build.0 = Release|Any CPU
		{FBC39780-40DA-4C61-BF6A-3627459DA137}.Debug|Any CPU.ActiveCfg = Debug|Any CPU
		{FBC39780-40DA-4C61-BF6A-3627459DA137}.Debug|Any CPU.Build.0 = Debug|Any CPU
		{FBC39780-40DA-4C61-BF6A-3627459DA137}.Debug|x86.ActiveCfg = Debug|Any CPU
		{FBC39780-40DA-4C61-BF6A-3627459DA137}.Debug|x86.Build.0 = Debug|Any CPU
		{FBC39780-40DA-4C61-BF6A-3627459DA137}.Release|Any CPU.ActiveCfg = Release|Any CPU
		{FBC39780-40DA-4C61-BF6A-3627459DA137}.Release|Any CPU.Build.0 = Release|Any CPU
		{FBC39780-40DA-4C61-BF6A-3627459DA137}.Release|x86.ActiveCfg = Release|Any CPU
		{FBC39780-40DA-4C61-BF6A-3627459DA137}.Release|x86.Build.0 = Release|Any CPU
		{039F5935-8E8D-4381-BD37-995554F6C743}.Debug|Any CPU.ActiveCfg = Debug|Any CPU
		{039F5935-8E8D-4381-BD37-995554F6C743}.Debug|Any CPU.Build.0 = Debug|Any CPU
		{039F5935-8E8D-4381-BD37-995554F6C743}.Debug|x86.ActiveCfg = Debug|Any CPU
		{039F5935-8E8D-4381-BD37-995554F6C743}.Debug|x86.Build.0 = Debug|Any CPU
		{039F5935-8E8D-4381-BD37-995554F6C743}.Release|Any CPU.ActiveCfg = Release|Any CPU
		{039F5935-8E8D-4381-BD37-995554F6C743}.Release|Any CPU.Build.0 = Release|Any CPU
		{039F5935-8E8D-4381-BD37-995554F6C743}.Release|x86.ActiveCfg = Release|Any CPU
		{039F5935-8E8D-4381-BD37-995554F6C743}.Release|x86.Build.0 = Release|Any CPU
		{A6E2AC50-442E-4B3B-B0AA-5439D4079E6D}.Debug|Any CPU.ActiveCfg = Debug|Any CPU
		{A6E2AC50-442E-4B3B-B0AA-5439D4079E6D}.Debug|Any CPU.Build.0 = Debug|Any CPU
		{A6E2AC50-442E-4B3B-B0AA-5439D4079E6D}.Debug|x86.ActiveCfg = Debug|Any CPU
		{A6E2AC50-442E-4B3B-B0AA-5439D4079E6D}.Debug|x86.Build.0 = Debug|Any CPU
		{A6E2AC50-442E-4B3B-B0AA-5439D4079E6D}.Release|Any CPU.ActiveCfg = Release|Any CPU
		{A6E2AC50-442E-4B3B-B0AA-5439D4079E6D}.Release|Any CPU.Build.0 = Release|Any CPU
		{A6E2AC50-442E-4B3B-B0AA-5439D4079E6D}.Release|x86.ActiveCfg = Release|Any CPU
		{A6E2AC50-442E-4B3B-B0AA-5439D4079E6D}.Release|x86.Build.0 = Release|Any CPU
		{98D022A2-1ED3-41DF-BD9F-0E5021E2B372}.Debug|Any CPU.ActiveCfg = Debug|Any CPU
		{98D022A2-1ED3-41DF-BD9F-0E5021E2B372}.Debug|Any CPU.Build.0 = Debug|Any CPU
		{98D022A2-1ED3-41DF-BD9F-0E5021E2B372}.Debug|x86.ActiveCfg = Debug|Any CPU
		{98D022A2-1ED3-41DF-BD9F-0E5021E2B372}.Debug|x86.Build.0 = Debug|Any CPU
		{98D022A2-1ED3-41DF-BD9F-0E5021E2B372}.Release|Any CPU.ActiveCfg = Release|Any CPU
		{98D022A2-1ED3-41DF-BD9F-0E5021E2B372}.Release|Any CPU.Build.0 = Release|Any CPU
		{98D022A2-1ED3-41DF-BD9F-0E5021E2B372}.Release|x86.ActiveCfg = Release|Any CPU
		{98D022A2-1ED3-41DF-BD9F-0E5021E2B372}.Release|x86.Build.0 = Release|Any CPU
	EndGlobalSection
	GlobalSection(SolutionProperties) = preSolution
		HideSolutionNode = FALSE
	EndGlobalSection
	GlobalSection(NestedProjects) = preSolution
		{EB7A0FFA-8DC7-4A7D-87D5-C421A971D886} = {28F3CDC4-E406-4DC1-AFCB-44463F4B9499}
	EndGlobalSection
	GlobalSection(ExtensibilityGlobals) = postSolution
		SolutionGuid = {DB583327-139A-45A4-860A-3863F1ED2017}
	EndGlobalSection
EndGlobal
